// !$*UTF8*$!
{
	archiveVersion = 1;
	classes = {
	};
	objectVersion = 51;
	objects = {

/* Begin PBXBuildFile section */
		B3AF0FF5E38505DB29E0D153 /* Pods_iTunesSearchApp.framework in Frameworks */ = {isa = PBXBuildFile; fileRef = A7DDA434D4C18AD284411819 /* Pods_iTunesSearchApp.framework */; };
		EE6403652645844A00866ED6 /* AppScreenShotsViewController.swift in Sources */ = {isa = PBXBuildFile; fileRef = EE6403642645844A00866ED6 /* AppScreenShotsViewController.swift */; };
		EE6403672645846100866ED6 /* AppScreenShotsView.swift in Sources */ = {isa = PBXBuildFile; fileRef = EE6403662645846100866ED6 /* AppScreenShotsView.swift */; };
		EE8C90F3263A167F00EF20D9 /* AppDelegate.swift in Sources */ = {isa = PBXBuildFile; fileRef = EE8C90F2263A167F00EF20D9 /* AppDelegate.swift */; };
		EE8C90F5263A167F00EF20D9 /* SceneDelegate.swift in Sources */ = {isa = PBXBuildFile; fileRef = EE8C90F4263A167F00EF20D9 /* SceneDelegate.swift */; };
		EE8C90FF263A168100EF20D9 /* LaunchScreen.storyboard in Resources */ = {isa = PBXBuildFile; fileRef = EE8C90FD263A168100EF20D9 /* LaunchScreen.storyboard */; };
		EE8C910C263A246800EF20D9 /* NetworkManager.swift in Sources */ = {isa = PBXBuildFile; fileRef = EE8C910B263A246800EF20D9 /* NetworkManager.swift */; };
		EE8C9110263A277200EF20D9 /* WebRequest.swift in Sources */ = {isa = PBXBuildFile; fileRef = EE8C910F263A277200EF20D9 /* WebRequest.swift */; };
		EE8C9115263A3C6400EF20D9 /* ITunesApp.swift in Sources */ = {isa = PBXBuildFile; fileRef = EE8C9114263A3C6400EF20D9 /* ITunesApp.swift */; };
		EE8C911B263B768C00EF20D9 /* Monads.swift in Sources */ = {isa = PBXBuildFile; fileRef = EE8C911A263B768C00EF20D9 /* Monads.swift */; };
		EE8C911E263B881D00EF20D9 /* ITunesSong.swift in Sources */ = {isa = PBXBuildFile; fileRef = EE8C911D263B881D00EF20D9 /* ITunesSong.swift */; };
		EE8C9122263B88FA00EF20D9 /* ImageDownloader.swift in Sources */ = {isa = PBXBuildFile; fileRef = EE8C9121263B88FA00EF20D9 /* ImageDownloader.swift */; };
		EE8C9127263B8C7A00EF20D9 /* AppStartManager.swift in Sources */ = {isa = PBXBuildFile; fileRef = EE8C9126263B8C7A00EF20D9 /* AppStartManager.swift */; };
		EE8C912C263B8D4C00EF20D9 /* UIColorExtensions.swift in Sources */ = {isa = PBXBuildFile; fileRef = EE8C912B263B8D4C00EF20D9 /* UIColorExtensions.swift */; };
		EE8C9132263B967D00EF20D9 /* iTunesSearchService.swift in Sources */ = {isa = PBXBuildFile; fileRef = EE8C9131263B967D00EF20D9 /* iTunesSearchService.swift */; };
		EE8C9135263B96C000EF20D9 /* iTunesSearchResult.swift in Sources */ = {isa = PBXBuildFile; fileRef = EE8C9134263B96C000EF20D9 /* iTunesSearchResult.swift */; };
		EE8C913B263EE7FD00EF20D9 /* SearchBuilder.swift in Sources */ = {isa = PBXBuildFile; fileRef = EE8C913A263EE7FD00EF20D9 /* SearchBuilder.swift */; };
		EE8C9140263EE8B400EF20D9 /* SearchPresenter.swift in Sources */ = {isa = PBXBuildFile; fileRef = EE8C913F263EE8B400EF20D9 /* SearchPresenter.swift */; };
		EE8C9145263F011100EF20D9 /* SearchView.swift in Sources */ = {isa = PBXBuildFile; fileRef = EE8C9144263F011100EF20D9 /* SearchView.swift */; };
		EE8C9149263F018100EF20D9 /* AppCell.swift in Sources */ = {isa = PBXBuildFile; fileRef = EE8C9148263F018100EF20D9 /* AppCell.swift */; };
		EE8C914C263F030D00EF20D9 /* SearchViewController.swift in Sources */ = {isa = PBXBuildFile; fileRef = EE8C914B263F030D00EF20D9 /* SearchViewController.swift */; };
		EE8C9151263F08CE00EF20D9 /* AppCellModel.swift in Sources */ = {isa = PBXBuildFile; fileRef = EE8C9150263F08CE00EF20D9 /* AppCellModel.swift */; };
		EE8C915A263F114100EF20D9 /* Main.storyboard in Resources */ = {isa = PBXBuildFile; fileRef = EE8C9159263F114100EF20D9 /* Main.storyboard */; };
		EE8C9169263F427400EF20D9 /* AppDetailHeaderViewController.swift in Sources */ = {isa = PBXBuildFile; fileRef = EE8C9168263F427400EF20D9 /* AppDetailHeaderViewController.swift */; };
		EE8C916C263F42C700EF20D9 /* AppDetailViewController.swift in Sources */ = {isa = PBXBuildFile; fileRef = EE8C916B263F42C700EF20D9 /* AppDetailViewController.swift */; };
		EE8C916F263F433200EF20D9 /* AppDetailHeaderView.swift in Sources */ = {isa = PBXBuildFile; fileRef = EE8C916E263F433200EF20D9 /* AppDetailHeaderView.swift */; };
		EE8C9172263F43ED00EF20D9 /* AppDetailView.swift in Sources */ = {isa = PBXBuildFile; fileRef = EE8C9171263F43ED00EF20D9 /* AppDetailView.swift */; };
		EE8C917D2642136500EF20D9 /* UISearchBarExtensions.swift in Sources */ = {isa = PBXBuildFile; fileRef = EE8C917C2642136400EF20D9 /* UISearchBarExtensions.swift */; };
		EE8C91812642425600EF20D9 /* UIImageExtension.swift in Sources */ = {isa = PBXBuildFile; fileRef = EE8C91802642425600EF20D9 /* UIImageExtension.swift */; };
		EE8C91842642471300EF20D9 /* Assets.xcassets in Resources */ = {isa = PBXBuildFile; fileRef = EE8C91832642471300EF20D9 /* Assets.xcassets */; };
/* End PBXBuildFile section */

/* Begin PBXFileReference section */
		828A19A3AB77CC8EF9FCC881 /* Pods-iTunesSearchApp.release.xcconfig */ = {isa = PBXFileReference; includeInIndex = 1; lastKnownFileType = text.xcconfig; name = "Pods-iTunesSearchApp.release.xcconfig"; path = "Target Support Files/Pods-iTunesSearchApp/Pods-iTunesSearchApp.release.xcconfig"; sourceTree = "<group>"; };
		86E6813E51A9EC11C0C698D2 /* Pods-iTunesSearchApp.debug.xcconfig */ = {isa = PBXFileReference; includeInIndex = 1; lastKnownFileType = text.xcconfig; name = "Pods-iTunesSearchApp.debug.xcconfig"; path = "Target Support Files/Pods-iTunesSearchApp/Pods-iTunesSearchApp.debug.xcconfig"; sourceTree = "<group>"; };
		A7DDA434D4C18AD284411819 /* Pods_iTunesSearchApp.framework */ = {isa = PBXFileReference; explicitFileType = wrapper.framework; includeInIndex = 0; path = Pods_iTunesSearchApp.framework; sourceTree = BUILT_PRODUCTS_DIR; };
		EE6403642645844A00866ED6 /* AppScreenShotsViewController.swift */ = {isa = PBXFileReference; lastKnownFileType = sourcecode.swift; path = AppScreenShotsViewController.swift; sourceTree = "<group>"; };
		EE6403662645846100866ED6 /* AppScreenShotsView.swift */ = {isa = PBXFileReference; lastKnownFileType = sourcecode.swift; path = AppScreenShotsView.swift; sourceTree = "<group>"; };
		EE8C90EF263A167F00EF20D9 /* iTunesSearchApp.app */ = {isa = PBXFileReference; explicitFileType = wrapper.application; includeInIndex = 0; path = iTunesSearchApp.app; sourceTree = BUILT_PRODUCTS_DIR; };
		EE8C90F2263A167F00EF20D9 /* AppDelegate.swift */ = {isa = PBXFileReference; lastKnownFileType = sourcecode.swift; path = AppDelegate.swift; sourceTree = "<group>"; };
		EE8C90F4263A167F00EF20D9 /* SceneDelegate.swift */ = {isa = PBXFileReference; lastKnownFileType = sourcecode.swift; path = SceneDelegate.swift; sourceTree = "<group>"; };
		EE8C90FE263A168100EF20D9 /* Base */ = {isa = PBXFileReference; lastKnownFileType = file.storyboard; name = Base; path = Base.lproj/LaunchScreen.storyboard; sourceTree = "<group>"; };
		EE8C9100263A168100EF20D9 /* Info.plist */ = {isa = PBXFileReference; lastKnownFileType = text.plist.xml; path = Info.plist; sourceTree = "<group>"; };
		EE8C910B263A246800EF20D9 /* NetworkManager.swift */ = {isa = PBXFileReference; lastKnownFileType = sourcecode.swift; path = NetworkManager.swift; sourceTree = "<group>"; };
		EE8C910F263A277200EF20D9 /* WebRequest.swift */ = {isa = PBXFileReference; lastKnownFileType = sourcecode.swift; path = WebRequest.swift; sourceTree = "<group>"; };
		EE8C9114263A3C6400EF20D9 /* ITunesApp.swift */ = {isa = PBXFileReference; lastKnownFileType = sourcecode.swift; path = ITunesApp.swift; sourceTree = "<group>"; };
		EE8C911A263B768C00EF20D9 /* Monads.swift */ = {isa = PBXFileReference; lastKnownFileType = sourcecode.swift; path = Monads.swift; sourceTree = "<group>"; };
		EE8C911D263B881D00EF20D9 /* ITunesSong.swift */ = {isa = PBXFileReference; lastKnownFileType = sourcecode.swift; path = ITunesSong.swift; sourceTree = "<group>"; };
		EE8C9121263B88FA00EF20D9 /* ImageDownloader.swift */ = {isa = PBXFileReference; lastKnownFileType = sourcecode.swift; path = ImageDownloader.swift; sourceTree = "<group>"; };
		EE8C9126263B8C7A00EF20D9 /* AppStartManager.swift */ = {isa = PBXFileReference; lastKnownFileType = sourcecode.swift; path = AppStartManager.swift; sourceTree = "<group>"; };
		EE8C912B263B8D4C00EF20D9 /* UIColorExtensions.swift */ = {isa = PBXFileReference; lastKnownFileType = sourcecode.swift; path = UIColorExtensions.swift; sourceTree = "<group>"; };
		EE8C9131263B967D00EF20D9 /* iTunesSearchService.swift */ = {isa = PBXFileReference; lastKnownFileType = sourcecode.swift; path = iTunesSearchService.swift; sourceTree = "<group>"; };
		EE8C9134263B96C000EF20D9 /* iTunesSearchResult.swift */ = {isa = PBXFileReference; lastKnownFileType = sourcecode.swift; path = iTunesSearchResult.swift; sourceTree = "<group>"; };
		EE8C913A263EE7FD00EF20D9 /* SearchBuilder.swift */ = {isa = PBXFileReference; lastKnownFileType = sourcecode.swift; path = SearchBuilder.swift; sourceTree = "<group>"; };
		EE8C913F263EE8B400EF20D9 /* SearchPresenter.swift */ = {isa = PBXFileReference; lastKnownFileType = sourcecode.swift; path = SearchPresenter.swift; sourceTree = "<group>"; };
		EE8C9144263F011100EF20D9 /* SearchView.swift */ = {isa = PBXFileReference; lastKnownFileType = sourcecode.swift; path = SearchView.swift; sourceTree = "<group>"; };
		EE8C9148263F018100EF20D9 /* AppCell.swift */ = {isa = PBXFileReference; lastKnownFileType = sourcecode.swift; path = AppCell.swift; sourceTree = "<group>"; };
		EE8C914B263F030D00EF20D9 /* SearchViewController.swift */ = {isa = PBXFileReference; lastKnownFileType = sourcecode.swift; path = SearchViewController.swift; sourceTree = "<group>"; };
		EE8C9150263F08CE00EF20D9 /* AppCellModel.swift */ = {isa = PBXFileReference; lastKnownFileType = sourcecode.swift; path = AppCellModel.swift; sourceTree = "<group>"; };
		EE8C9159263F114100EF20D9 /* Main.storyboard */ = {isa = PBXFileReference; lastKnownFileType = file.storyboard; path = Main.storyboard; sourceTree = "<group>"; };
		EE8C9168263F427400EF20D9 /* AppDetailHeaderViewController.swift */ = {isa = PBXFileReference; lastKnownFileType = sourcecode.swift; path = AppDetailHeaderViewController.swift; sourceTree = "<group>"; };
		EE8C916B263F42C700EF20D9 /* AppDetailViewController.swift */ = {isa = PBXFileReference; lastKnownFileType = sourcecode.swift; path = AppDetailViewController.swift; sourceTree = "<group>"; };
		EE8C916E263F433200EF20D9 /* AppDetailHeaderView.swift */ = {isa = PBXFileReference; lastKnownFileType = sourcecode.swift; path = AppDetailHeaderView.swift; sourceTree = "<group>"; };
		EE8C9171263F43ED00EF20D9 /* AppDetailView.swift */ = {isa = PBXFileReference; lastKnownFileType = sourcecode.swift; path = AppDetailView.swift; sourceTree = "<group>"; };
		EE8C917C2642136400EF20D9 /* UISearchBarExtensions.swift */ = {isa = PBXFileReference; lastKnownFileType = sourcecode.swift; path = UISearchBarExtensions.swift; sourceTree = "<group>"; };
		EE8C91802642425600EF20D9 /* UIImageExtension.swift */ = {isa = PBXFileReference; lastKnownFileType = sourcecode.swift; path = UIImageExtension.swift; sourceTree = "<group>"; };
		EE8C91832642471300EF20D9 /* Assets.xcassets */ = {isa = PBXFileReference; lastKnownFileType = folder.assetcatalog; path = Assets.xcassets; sourceTree = "<group>"; };
/* End PBXFileReference section */

/* Begin PBXFrameworksBuildPhase section */
		EE8C90EC263A167F00EF20D9 /* Frameworks */ = {
			isa = PBXFrameworksBuildPhase;
			buildActionMask = 2147483647;
			files = (
				B3AF0FF5E38505DB29E0D153 /* Pods_iTunesSearchApp.framework in Frameworks */,
			);
			runOnlyForDeploymentPostprocessing = 0;
		};
/* End PBXFrameworksBuildPhase section */

/* Begin PBXGroup section */
		57D52BA856C7AD64A19F0FA9 /* Frameworks */ = {
			isa = PBXGroup;
			children = (
				A7DDA434D4C18AD284411819 /* Pods_iTunesSearchApp.framework */,
			);
			name = Frameworks;
			sourceTree = "<group>";
		};
		BD8B3AFAF08934AD4F7557A5 /* Pods */ = {
			isa = PBXGroup;
			children = (
				86E6813E51A9EC11C0C698D2 /* Pods-iTunesSearchApp.debug.xcconfig */,
				828A19A3AB77CC8EF9FCC881 /* Pods-iTunesSearchApp.release.xcconfig */,
			);
			path = Pods;
			sourceTree = "<group>";
		};
		EE8C90E6263A167F00EF20D9 = {
			isa = PBXGroup;
			children = (
				EE8C90F1263A167F00EF20D9 /* iTunesSearchApp */,
				EE8C90F0263A167F00EF20D9 /* Products */,
				BD8B3AFAF08934AD4F7557A5 /* Pods */,
				57D52BA856C7AD64A19F0FA9 /* Frameworks */,
			);
			sourceTree = "<group>";
		};
		EE8C90F0263A167F00EF20D9 /* Products */ = {
			isa = PBXGroup;
			children = (
				EE8C90EF263A167F00EF20D9 /* iTunesSearchApp.app */,
			);
			name = Products;
			sourceTree = "<group>";
		};
		EE8C90F1263A167F00EF20D9 /* iTunesSearchApp */ = {
			isa = PBXGroup;
			children = (
				EE8C9100263A168100EF20D9 /* Info.plist */,
				EE8C9137263EE7C600EF20D9 /* Flows */,
				EE8C9118263B766100EF20D9 /* Core */,
				EE8C9112263A3C1500EF20D9 /* Model */,
				EE8C915C263F11FD00EF20D9 /* SupportingFiles */,
			);
			path = iTunesSearchApp;
			sourceTree = "<group>";
		};
		EE8C910A263A243800EF20D9 /* NetworkManager */ = {
			isa = PBXGroup;
			children = (
				EE8C910B263A246800EF20D9 /* NetworkManager.swift */,
				EE8C910F263A277200EF20D9 /* WebRequest.swift */,
			);
			path = NetworkManager;
			sourceTree = "<group>";
		};
		EE8C9112263A3C1500EF20D9 /* Model */ = {
			isa = PBXGroup;
			children = (
				EE8C9125263B8C5400EF20D9 /* Services */,
				EE8C9113263A3C2B00EF20D9 /* Entities */,
			);
			path = Model;
			sourceTree = "<group>";
		};
		EE8C9113263A3C2B00EF20D9 /* Entities */ = {
			isa = PBXGroup;
			children = (
				EE8C9114263A3C6400EF20D9 /* ITunesApp.swift */,
				EE8C911D263B881D00EF20D9 /* ITunesSong.swift */,
			);
			path = Entities;
			sourceTree = "<group>";
		};
		EE8C9118263B766100EF20D9 /* Core */ = {
			isa = PBXGroup;
			children = (
				EE8C915D263F123200EF20D9 /* AppAndScerneDelegates */,
				EE8C912A263B8D1600EF20D9 /* Extensions */,
				EE8C9119263B767200EF20D9 /* Monads */,
				EE8C910A263A243800EF20D9 /* NetworkManager */,
			);
			path = Core;
			sourceTree = "<group>";
		};
		EE8C9119263B767200EF20D9 /* Monads */ = {
			isa = PBXGroup;
			children = (
				EE8C911A263B768C00EF20D9 /* Monads.swift */,
			);
			path = Monads;
			sourceTree = "<group>";
		};
		EE8C9120263B88D800EF20D9 /* ImageDownloader */ = {
			isa = PBXGroup;
			children = (
				EE8C9121263B88FA00EF20D9 /* ImageDownloader.swift */,
			);
			path = ImageDownloader;
			sourceTree = "<group>";
		};
		EE8C9125263B8C5400EF20D9 /* Services */ = {
			isa = PBXGroup;
			children = (
				EE8C9130263B95D900EF20D9 /* iTunesSearchService */,
				EE8C9120263B88D800EF20D9 /* ImageDownloader */,
				EE8C912F263B95AC00EF20D9 /* AppStartManager */,
			);
			path = Services;
			sourceTree = "<group>";
		};
		EE8C912A263B8D1600EF20D9 /* Extensions */ = {
			isa = PBXGroup;
			children = (
				EE8C912B263B8D4C00EF20D9 /* UIColorExtensions.swift */,
				EE8C917C2642136400EF20D9 /* UISearchBarExtensions.swift */,
				EE8C91802642425600EF20D9 /* UIImageExtension.swift */,
			);
			path = Extensions;
			sourceTree = "<group>";
		};
		EE8C912F263B95AC00EF20D9 /* AppStartManager */ = {
			isa = PBXGroup;
			children = (
				EE8C9126263B8C7A00EF20D9 /* AppStartManager.swift */,
			);
			path = AppStartManager;
			sourceTree = "<group>";
		};
		EE8C9130263B95D900EF20D9 /* iTunesSearchService */ = {
			isa = PBXGroup;
			children = (
				EE8C9131263B967D00EF20D9 /* iTunesSearchService.swift */,
				EE8C9134263B96C000EF20D9 /* iTunesSearchResult.swift */,
			);
			path = iTunesSearchService;
			sourceTree = "<group>";
		};
		EE8C9137263EE7C600EF20D9 /* Flows */ = {
			isa = PBXGroup;
			children = (
				EE8C9160263F419600EF20D9 /* AppDetail */,
				EE8C9138263EE7D200EF20D9 /* Search */,
			);
			path = Flows;
			sourceTree = "<group>";
		};
		EE8C9138263EE7D200EF20D9 /* Search */ = {
			isa = PBXGroup;
			children = (
				EE8C914E263F035600EF20D9 /* SearchViewController */,
				EE8C9143263F00F100EF20D9 /* View */,
				EE8C913E263EE86000EF20D9 /* Presenter */,
				EE8C9139263EE7E000EF20D9 /* Builder */,
			);
			path = Search;
			sourceTree = "<group>";
		};
		EE8C9139263EE7E000EF20D9 /* Builder */ = {
			isa = PBXGroup;
			children = (
				EE8C913A263EE7FD00EF20D9 /* SearchBuilder.swift */,
			);
			path = Builder;
			sourceTree = "<group>";
		};
		EE8C913E263EE86000EF20D9 /* Presenter */ = {
			isa = PBXGroup;
			children = (
				EE8C913F263EE8B400EF20D9 /* SearchPresenter.swift */,
			);
			path = Presenter;
			sourceTree = "<group>";
		};
		EE8C9143263F00F100EF20D9 /* View */ = {
			isa = PBXGroup;
			children = (
				EE8C9144263F011100EF20D9 /* SearchView.swift */,
				EE8C9148263F018100EF20D9 /* AppCell.swift */,
			);
			path = View;
			sourceTree = "<group>";
		};
		EE8C914E263F035600EF20D9 /* SearchViewController */ = {
			isa = PBXGroup;
			children = (
				EE8C914B263F030D00EF20D9 /* SearchViewController.swift */,
				EE8C9150263F08CE00EF20D9 /* AppCellModel.swift */,
			);
			path = SearchViewController;
			sourceTree = "<group>";
		};
		EE8C915C263F11FD00EF20D9 /* SupportingFiles */ = {
			isa = PBXGroup;
			children = (
				EE8C90FD263A168100EF20D9 /* LaunchScreen.storyboard */,
				EE8C9159263F114100EF20D9 /* Main.storyboard */,
				EE8C91832642471300EF20D9 /* Assets.xcassets */,
			);
			path = SupportingFiles;
			sourceTree = "<group>";
		};
		EE8C915D263F123200EF20D9 /* AppAndScerneDelegates */ = {
			isa = PBXGroup;
			children = (
				EE8C90F2263A167F00EF20D9 /* AppDelegate.swift */,
				EE8C90F4263A167F00EF20D9 /* SceneDelegate.swift */,
			);
			path = AppAndScerneDelegates;
			sourceTree = "<group>";
		};
		EE8C9160263F419600EF20D9 /* AppDetail */ = {
			isa = PBXGroup;
			children = (
				EE8C9162263F41BF00EF20D9 /* Controller */,
				EE8C9161263F41B400EF20D9 /* View */,
			);
			path = AppDetail;
			sourceTree = "<group>";
		};
		EE8C9161263F41B400EF20D9 /* View */ = {
			isa = PBXGroup;
			children = (
				EE8C916E263F433200EF20D9 /* AppDetailHeaderView.swift */,
				EE8C9171263F43ED00EF20D9 /* AppDetailView.swift */,
				EE6403662645846100866ED6 /* AppScreenShotsView.swift */,
			);
			path = View;
			sourceTree = "<group>";
		};
		EE8C9162263F41BF00EF20D9 /* Controller */ = {
			isa = PBXGroup;
			children = (
				EE8C9168263F427400EF20D9 /* AppDetailHeaderViewController.swift */,
				EE8C916B263F42C700EF20D9 /* AppDetailViewController.swift */,
				EE6403642645844A00866ED6 /* AppScreenShotsViewController.swift */,
			);
			path = Controller;
			sourceTree = "<group>";
		};
/* End PBXGroup section */

/* Begin PBXNativeTarget section */
		EE8C90EE263A167F00EF20D9 /* iTunesSearchApp */ = {
			isa = PBXNativeTarget;
			buildConfigurationList = EE8C9103263A168100EF20D9 /* Build configuration list for PBXNativeTarget "iTunesSearchApp" */;
			buildPhases = (
				3DB8FAC16684D8BAD2DC4C68 /* [CP] Check Pods Manifest.lock */,
				EE8C90EB263A167F00EF20D9 /* Sources */,
				EE8C90EC263A167F00EF20D9 /* Frameworks */,
				EE8C90ED263A167F00EF20D9 /* Resources */,
				7BCF10ECD8C015C298E363CA /* [CP] Embed Pods Frameworks */,
			);
			buildRules = (
			);
			dependencies = (
			);
			name = iTunesSearchApp;
			productName = iTunesSearchApp;
			productReference = EE8C90EF263A167F00EF20D9 /* iTunesSearchApp.app */;
			productType = "com.apple.product-type.application";
		};
/* End PBXNativeTarget section */

/* Begin PBXProject section */
		EE8C90E7263A167F00EF20D9 /* Project object */ = {
			isa = PBXProject;
			attributes = {
				LastSwiftUpdateCheck = 1240;
				LastUpgradeCheck = 1240;
				TargetAttributes = {
					EE8C90EE263A167F00EF20D9 = {
						CreatedOnToolsVersion = 12.4;
					};
				};
			};
			buildConfigurationList = EE8C90EA263A167F00EF20D9 /* Build configuration list for PBXProject "iTunesSearchApp" */;
			compatibilityVersion = "Xcode 9.3";
			developmentRegion = en;
			hasScannedForEncodings = 0;
			knownRegions = (
				en,
				Base,
			);
			mainGroup = EE8C90E6263A167F00EF20D9;
			productRefGroup = EE8C90F0263A167F00EF20D9 /* Products */;
			projectDirPath = "";
			projectRoot = "";
			targets = (
				EE8C90EE263A167F00EF20D9 /* iTunesSearchApp */,
			);
		};
/* End PBXProject section */

/* Begin PBXResourcesBuildPhase section */
		EE8C90ED263A167F00EF20D9 /* Resources */ = {
			isa = PBXResourcesBuildPhase;
			buildActionMask = 2147483647;
			files = (
				EE8C915A263F114100EF20D9 /* Main.storyboard in Resources */,
				EE8C91842642471300EF20D9 /* Assets.xcassets in Resources */,
				EE8C90FF263A168100EF20D9 /* LaunchScreen.storyboard in Resources */,
			);
			runOnlyForDeploymentPostprocessing = 0;
		};
/* End PBXResourcesBuildPhase section */

/* Begin PBXShellScriptBuildPhase section */
		3DB8FAC16684D8BAD2DC4C68 /* [CP] Check Pods Manifest.lock */ = {
			isa = PBXShellScriptBuildPhase;
			buildActionMask = 2147483647;
			files = (
			);
			inputFileListPaths = (
			);
			inputPaths = (
				"${PODS_PODFILE_DIR_PATH}/Podfile.lock",
				"${PODS_ROOT}/Manifest.lock",
			);
			name = "[CP] Check Pods Manifest.lock";
			outputFileListPaths = (
			);
			outputPaths = (
				"$(DERIVED_FILE_DIR)/Pods-iTunesSearchApp-checkManifestLockResult.txt",
			);
			runOnlyForDeploymentPostprocessing = 0;
			shellPath = /bin/sh;
			shellScript = "diff \"${PODS_PODFILE_DIR_PATH}/Podfile.lock\" \"${PODS_ROOT}/Manifest.lock\" > /dev/null\nif [ $? != 0 ] ; then\n    # print error to STDERR\n    echo \"error: The sandbox is not in sync with the Podfile.lock. Run 'pod install' or update your CocoaPods installation.\" >&2\n    exit 1\nfi\n# This output is used by Xcode 'outputs' to avoid re-running this script phase.\necho \"SUCCESS\" > \"${SCRIPT_OUTPUT_FILE_0}\"\n";
			showEnvVarsInLog = 0;
		};
		7BCF10ECD8C015C298E363CA /* [CP] Embed Pods Frameworks */ = {
			isa = PBXShellScriptBuildPhase;
			buildActionMask = 2147483647;
			files = (
			);
			inputFileListPaths = (
				"${PODS_ROOT}/Target Support Files/Pods-iTunesSearchApp/Pods-iTunesSearchApp-frameworks-${CONFIGURATION}-input-files.xcfilelist",
			);
			name = "[CP] Embed Pods Frameworks";
			outputFileListPaths = (
				"${PODS_ROOT}/Target Support Files/Pods-iTunesSearchApp/Pods-iTunesSearchApp-frameworks-${CONFIGURATION}-output-files.xcfilelist",
			);
			runOnlyForDeploymentPostprocessing = 0;
			shellPath = /bin/sh;
			shellScript = "\"${PODS_ROOT}/Target Support Files/Pods-iTunesSearchApp/Pods-iTunesSearchApp-frameworks.sh\"\n";
			showEnvVarsInLog = 0;
		};
/* End PBXShellScriptBuildPhase section */

/* Begin PBXSourcesBuildPhase section */
		EE8C90EB263A167F00EF20D9 /* Sources */ = {
			isa = PBXSourcesBuildPhase;
			buildActionMask = 2147483647;
			files = (
				EE8C9110263A277200EF20D9 /* WebRequest.swift in Sources */,
				EE8C910C263A246800EF20D9 /* NetworkManager.swift in Sources */,
				EE8C9140263EE8B400EF20D9 /* SearchPresenter.swift in Sources */,
				EE8C911E263B881D00EF20D9 /* ITunesSong.swift in Sources */,
				EE8C913B263EE7FD00EF20D9 /* SearchBuilder.swift in Sources */,
				EE8C9169263F427400EF20D9 /* AppDetailHeaderViewController.swift in Sources */,
				EE8C916F263F433200EF20D9 /* AppDetailHeaderView.swift in Sources */,
				EE8C9151263F08CE00EF20D9 /* AppCellModel.swift in Sources */,
				EE8C911B263B768C00EF20D9 /* Monads.swift in Sources */,
				EE8C90F3263A167F00EF20D9 /* AppDelegate.swift in Sources */,
				EE6403672645846100866ED6 /* AppScreenShotsView.swift in Sources */,
				EE6403652645844A00866ED6 /* AppScreenShotsViewController.swift in Sources */,
				EE8C9149263F018100EF20D9 /* AppCell.swift in Sources */,
				EE8C9135263B96C000EF20D9 /* iTunesSearchResult.swift in Sources */,
				EE8C916C263F42C700EF20D9 /* AppDetailViewController.swift in Sources */,
				EE8C917D2642136500EF20D9 /* UISearchBarExtensions.swift in Sources */,
				EE8C912C263B8D4C00EF20D9 /* UIColorExtensions.swift in Sources */,
				EE8C9132263B967D00EF20D9 /* iTunesSearchService.swift in Sources */,
				EE8C914C263F030D00EF20D9 /* SearchViewController.swift in Sources */,
				EE8C90F5263A167F00EF20D9 /* SceneDelegate.swift in Sources */,
				EE8C9145263F011100EF20D9 /* SearchView.swift in Sources */,
				EE8C9122263B88FA00EF20D9 /* ImageDownloader.swift in Sources */,
				EE8C9127263B8C7A00EF20D9 /* AppStartManager.swift in Sources */,
				EE8C9115263A3C6400EF20D9 /* ITunesApp.swift in Sources */,
				EE8C9172263F43ED00EF20D9 /* AppDetailView.swift in Sources */,
				EE8C91812642425600EF20D9 /* UIImageExtension.swift in Sources */,
			);
			runOnlyForDeploymentPostprocessing = 0;
		};
/* End PBXSourcesBuildPhase section */

/* Begin PBXVariantGroup section */
		EE8C90FD263A168100EF20D9 /* LaunchScreen.storyboard */ = {
			isa = PBXVariantGroup;
			children = (
				EE8C90FE263A168100EF20D9 /* Base */,
			);
			name = LaunchScreen.storyboard;
			sourceTree = "<group>";
		};
/* End PBXVariantGroup section */

/* Begin XCBuildConfiguration section */
		EE8C9101263A168100EF20D9 /* Debug */ = {
			isa = XCBuildConfiguration;
			buildSettings = {
				ALWAYS_SEARCH_USER_PATHS = NO;
				CLANG_ANALYZER_NONNULL = YES;
				CLANG_ANALYZER_NUMBER_OBJECT_CONVERSION = YES_AGGRESSIVE;
				CLANG_CXX_LANGUAGE_STANDARD = "gnu++14";
				CLANG_CXX_LIBRARY = "libc++";
				CLANG_ENABLE_MODULES = YES;
				CLANG_ENABLE_OBJC_ARC = YES;
				CLANG_ENABLE_OBJC_WEAK = YES;
				CLANG_WARN_BLOCK_CAPTURE_AUTORELEASING = YES;
				CLANG_WARN_BOOL_CONVERSION = YES;
				CLANG_WARN_COMMA = YES;
				CLANG_WARN_CONSTANT_CONVERSION = YES;
				CLANG_WARN_DEPRECATED_OBJC_IMPLEMENTATIONS = YES;
				CLANG_WARN_DIRECT_OBJC_ISA_USAGE = YES_ERROR;
				CLANG_WARN_DOCUMENTATION_COMMENTS = YES;
				CLANG_WARN_EMPTY_BODY = YES;
				CLANG_WARN_ENUM_CONVERSION = YES;
				CLANG_WARN_INFINITE_RECURSION = YES;
				CLANG_WARN_INT_CONVERSION = YES;
				CLANG_WARN_NON_LITERAL_NULL_CONVERSION = YES;
				CLANG_WARN_OBJC_IMPLICIT_RETAIN_SELF = YES;
				CLANG_WARN_OBJC_LITERAL_CONVERSION = YES;
				CLANG_WARN_OBJC_ROOT_CLASS = YES_ERROR;
				CLANG_WARN_QUOTED_INCLUDE_IN_FRAMEWORK_HEADER = YES;
				CLANG_WARN_RANGE_LOOP_ANALYSIS = YES;
				CLANG_WARN_STRICT_PROTOTYPES = YES;
				CLANG_WARN_SUSPICIOUS_MOVE = YES;
				CLANG_WARN_UNGUARDED_AVAILABILITY = YES_AGGRESSIVE;
				CLANG_WARN_UNREACHABLE_CODE = YES;
				CLANG_WARN__DUPLICATE_METHOD_MATCH = YES;
				COPY_PHASE_STRIP = NO;
				DEBUG_INFORMATION_FORMAT = dwarf;
				ENABLE_STRICT_OBJC_MSGSEND = YES;
				ENABLE_TESTABILITY = YES;
				GCC_C_LANGUAGE_STANDARD = gnu11;
				GCC_DYNAMIC_NO_PIC = NO;
				GCC_NO_COMMON_BLOCKS = YES;
				GCC_OPTIMIZATION_LEVEL = 0;
				GCC_PREPROCESSOR_DEFINITIONS = (
					"DEBUG=1",
					"$(inherited)",
				);
				GCC_WARN_64_TO_32_BIT_CONVERSION = YES;
				GCC_WARN_ABOUT_RETURN_TYPE = YES_ERROR;
				GCC_WARN_UNDECLARED_SELECTOR = YES;
				GCC_WARN_UNINITIALIZED_AUTOS = YES_AGGRESSIVE;
				GCC_WARN_UNUSED_FUNCTION = YES;
				GCC_WARN_UNUSED_VARIABLE = YES;
				IPHONEOS_DEPLOYMENT_TARGET = 14.4;
				MTL_ENABLE_DEBUG_INFO = INCLUDE_SOURCE;
				MTL_FAST_MATH = YES;
				ONLY_ACTIVE_ARCH = YES;
				SDKROOT = iphoneos;
				SWIFT_ACTIVE_COMPILATION_CONDITIONS = DEBUG;
				SWIFT_OPTIMIZATION_LEVEL = "-Onone";
			};
			name = Debug;
		};
		EE8C9102263A168100EF20D9 /* Release */ = {
			isa = XCBuildConfiguration;
			buildSettings = {
				ALWAYS_SEARCH_USER_PATHS = NO;
				CLANG_ANALYZER_NONNULL = YES;
				CLANG_ANALYZER_NUMBER_OBJECT_CONVERSION = YES_AGGRESSIVE;
				CLANG_CXX_LANGUAGE_STANDARD = "gnu++14";
				CLANG_CXX_LIBRARY = "libc++";
				CLANG_ENABLE_MODULES = YES;
				CLANG_ENABLE_OBJC_ARC = YES;
				CLANG_ENABLE_OBJC_WEAK = YES;
				CLANG_WARN_BLOCK_CAPTURE_AUTORELEASING = YES;
				CLANG_WARN_BOOL_CONVERSION = YES;
				CLANG_WARN_COMMA = YES;
				CLANG_WARN_CONSTANT_CONVERSION = YES;
				CLANG_WARN_DEPRECATED_OBJC_IMPLEMENTATIONS = YES;
				CLANG_WARN_DIRECT_OBJC_ISA_USAGE = YES_ERROR;
				CLANG_WARN_DOCUMENTATION_COMMENTS = YES;
				CLANG_WARN_EMPTY_BODY = YES;
				CLANG_WARN_ENUM_CONVERSION = YES;
				CLANG_WARN_INFINITE_RECURSION = YES;
				CLANG_WARN_INT_CONVERSION = YES;
				CLANG_WARN_NON_LITERAL_NULL_CONVERSION = YES;
				CLANG_WARN_OBJC_IMPLICIT_RETAIN_SELF = YES;
				CLANG_WARN_OBJC_LITERAL_CONVERSION = YES;
				CLANG_WARN_OBJC_ROOT_CLASS = YES_ERROR;
				CLANG_WARN_QUOTED_INCLUDE_IN_FRAMEWORK_HEADER = YES;
				CLANG_WARN_RANGE_LOOP_ANALYSIS = YES;
				CLANG_WARN_STRICT_PROTOTYPES = YES;
				CLANG_WARN_SUSPICIOUS_MOVE = YES;
				CLANG_WARN_UNGUARDED_AVAILABILITY = YES_AGGRESSIVE;
				CLANG_WARN_UNREACHABLE_CODE = YES;
				CLANG_WARN__DUPLICATE_METHOD_MATCH = YES;
				COPY_PHASE_STRIP = NO;
				DEBUG_INFORMATION_FORMAT = "dwarf-with-dsym";
				ENABLE_NS_ASSERTIONS = NO;
				ENABLE_STRICT_OBJC_MSGSEND = YES;
				GCC_C_LANGUAGE_STANDARD = gnu11;
				GCC_NO_COMMON_BLOCKS = YES;
				GCC_WARN_64_TO_32_BIT_CONVERSION = YES;
				GCC_WARN_ABOUT_RETURN_TYPE = YES_ERROR;
				GCC_WARN_UNDECLARED_SELECTOR = YES;
				GCC_WARN_UNINITIALIZED_AUTOS = YES_AGGRESSIVE;
				GCC_WARN_UNUSED_FUNCTION = YES;
				GCC_WARN_UNUSED_VARIABLE = YES;
				IPHONEOS_DEPLOYMENT_TARGET = 14.4;
				MTL_ENABLE_DEBUG_INFO = NO;
				MTL_FAST_MATH = YES;
				SDKROOT = iphoneos;
				SWIFT_COMPILATION_MODE = wholemodule;
				SWIFT_OPTIMIZATION_LEVEL = "-O";
				VALIDATE_PRODUCT = YES;
			};
			name = Release;
		};
		EE8C9104263A168100EF20D9 /* Debug */ = {
			isa = XCBuildConfiguration;
			baseConfigurationReference = 86E6813E51A9EC11C0C698D2 /* Pods-iTunesSearchApp.debug.xcconfig */;
			buildSettings = {
				ASSETCATALOG_COMPILER_APPICON_NAME = AppIcon;
				ASSETCATALOG_COMPILER_GLOBAL_ACCENT_COLOR_NAME = AccentColor;
				CODE_SIGN_STYLE = Automatic;
				INFOPLIST_FILE = iTunesSearchApp/Info.plist;
				LD_RUNPATH_SEARCH_PATHS = (
					"$(inherited)",
					"@executable_path/Frameworks",
				);
				PRODUCT_BUNDLE_IDENTIFIER = ru.ASch.iTunesSearchApp;
				PRODUCT_NAME = "$(TARGET_NAME)";
				SWIFT_VERSION = 5.0;
				TARGETED_DEVICE_FAMILY = "1,2";
			};
			name = Debug;
		};
		EE8C9105263A168100EF20D9 /* Release */ = {
			isa = XCBuildConfiguration;
			baseConfigurationReference = 828A19A3AB77CC8EF9FCC881 /* Pods-iTunesSearchApp.release.xcconfig */;
			buildSettings = {
				ASSETCATALOG_COMPILER_APPICON_NAME = AppIcon;
				ASSETCATALOG_COMPILER_GLOBAL_ACCENT_COLOR_NAME = AccentColor;
				CODE_SIGN_STYLE = Automatic;
				INFOPLIST_FILE = iTunesSearchApp/Info.plist;
				LD_RUNPATH_SEARCH_PATHS = (
					"$(inherited)",
					"@executable_path/Frameworks",
				);
				PRODUCT_BUNDLE_IDENTIFIER = ru.ASch.iTunesSearchApp;
				PRODUCT_NAME = "$(TARGET_NAME)";
				SWIFT_VERSION = 5.0;
				TARGETED_DEVICE_FAMILY = "1,2";
			};
			name = Release;
		};
/* End XCBuildConfiguration section */

/* Begin XCConfigurationList section */
		EE8C90EA263A167F00EF20D9 /* Build configuration list for PBXProject "iTunesSearchApp" */ = {
			isa = XCConfigurationList;
			buildConfigurations = (
				EE8C9101263A168100EF20D9 /* Debug */,
				EE8C9102263A168100EF20D9 /* Release */,
			);
			defaultConfigurationIsVisible = 0;
			defaultConfigurationName = Release;
		};
		EE8C9103263A168100EF20D9 /* Build configuration list for PBXNativeTarget "iTunesSearchApp" */ = {
			isa = XCConfigurationList;
			buildConfigurations = (
				EE8C9104263A168100EF20D9 /* Debug */,
				EE8C9105263A168100EF20D9 /* Release */,
			);
			defaultConfigurationIsVisible = 0;
			defaultConfigurationName = Release;
		};
/* End XCConfigurationList section */
	};
	rootObject = EE8C90E7263A167F00EF20D9 /* Project object */;
}
